
Microsoft Visual Studio Solution File, Format Version 12.00
# Visual Studio Version 16
VisualStudioVersion = 16.0.29613.14
MinimumVisualStudioVersion = 10.0.40219.1
Project("{FAE04EC0-301F-11D3-BF4B-00C04F79EFBC}") = "Paevik.Android", "Paevik.Android\Paevik.Android.csproj", "{DBAE77C7-1B1D-4202-8876-D116B68F49E9}"
EndProject
Project("{FAE04EC0-301F-11D3-BF4B-00C04F79EFBC}") = "Paevik.iOS", "Paevik.iOS\Paevik.iOS.csproj", "{28EB379D-1A50-43AA-B276-52D1461B0A73}"
EndProject
Project("{FAE04EC0-301F-11D3-BF4B-00C04F79EFBC}") = "Paevik", "Paevik\Paevik.csproj", "{84B491D8-2BED-4F4D-85AE-F7064775A00A}"
EndProject
Global
	GlobalSection(SolutionConfigurationPlatforms) = preSolution
		Debug|Any CPU = Debug|Any CPU
		Debug|iPhone = Debug|iPhone
		Debug|iPhoneSimulator = Debug|iPhoneSimulator
		Release|Any CPU = Release|Any CPU
		Release|iPhone = Release|iPhone
		Release|iPhoneSimulator = Release|iPhoneSimulator
	EndGlobalSection
	GlobalSection(ProjectConfigurationPlatforms) = postSolution
		{DBAE77C7-1B1D-4202-8876-D116B68F49E9}.Debug|Any CPU.ActiveCfg = Debug|Any CPU
		{DBAE77C7-1B1D-4202-8876-D116B68F49E9}.Debug|Any CPU.Build.0 = Debug|Any CPU
		{DBAE77C7-1B1D-4202-8876-D116B68F49E9}.Debug|Any CPU.Deploy.0 = Debug|Any CPU
		{DBAE77C7-1B1D-4202-8876-D116B68F49E9}.Debug|iPhone.ActiveCfg = Debug|Any CPU
		{DBAE77C7-1B1D-4202-8876-D116B68F49E9}.Debug|iPhone.Build.0 = Debug|Any CPU
		{DBAE77C7-1B1D-4202-8876-D116B68F49E9}.Debug|iPhone.Deploy.0 = Debug|Any CPU
		{DBAE77C7-1B1D-4202-8876-D116B68F49E9}.Debug|iPhoneSimulator.ActiveCfg = Debug|Any CPU
		{DBAE77C7-1B1D-4202-8876-D116B68F49E9}.Debug|iPhoneSimulator.Build.0 = Debug|Any CPU
		{DBAE77C7-1B1D-4202-8876-D116B68F49E9}.Debug|iPhoneSimulator.Deploy.0 = Debug|Any CPU
		{DBAE77C7-1B1D-4202-8876-D116B68F49E9}.Release|Any CPU.ActiveCfg = Release|Any CPU
		{DBAE77C7-1B1D-4202-8876-D116B68F49E9}.Release|Any CPU.Build.0 = Release|Any CPU
		{DBAE77C7-1B1D-4202-8876-D116B68F49E9}.Release|Any CPU.Deploy.0 = Release|Any CPU
		{DBAE77C7-1B1D-4202-8876-D116B68F49E9}.Release|iPhone.ActiveCfg = Release|Any CPU
		{DBAE77C7-1B1D-4202-8876-D116B68F49E9}.Release|iPhone.Build.0 = Release|Any CPU
		{DBAE77C7-1B1D-4202-8876-D116B68F49E9}.Release|iPhone.Deploy.0 = Release|Any CPU
		{DBAE77C7-1B1D-4202-8876-D116B68F49E9}.Release|iPhoneSimulator.ActiveCfg = Release|Any CPU
		{DBAE77C7-1B1D-4202-8876-D116B68F49E9}.Release|iPhoneSimulator.Build.0 = Release|Any CPU
		{DBAE77C7-1B1D-4202-8876-D116B68F49E9}.Release|iPhoneSimulator.Deploy.0 = Release|Any CPU
		{28EB379D-1A50-43AA-B276-52D1461B0A73}.Debug|Any CPU.ActiveCfg = Debug|iPhoneSimulator
		{28EB379D-1A50-43AA-B276-52D1461B0A73}.Debug|Any CPU.Build.0 = Debug|iPhoneSimulator
		{28EB379D-1A50-43AA-B276-52D1461B0A73}.Debug|Any CPU.Deploy.0 = Debug|iPhoneSimulator
		{28EB379D-1A50-43AA-B276-52D1461B0A73}.Debug|iPhone.ActiveCfg = Debug|iPhone
		{28EB379D-1A50-43AA-B276-52D1461B0A73}.Debug|iPhone.Build.0 = Debug|iPhone
		{28EB379D-1A50-43AA-B276-52D1461B0A73}.Debug|iPhone.Deploy.0 = Debug|iPhone
		{28EB379D-1A50-43AA-B276-52D1461B0A73}.Debug|iPhoneSimulator.ActiveCfg = Debug|iPhoneSimulator
		{28EB379D-1A50-43AA-B276-52D1461B0A73}.Debug|iPhoneSimulator.Build.0 = Debug|iPhoneSimulator
		{28EB379D-1A50-43AA-B276-52D1461B0A73}.Debug|iPhoneSimulator.Deploy.0 = Debug|iPhoneSimulator
		{28EB379D-1A50-43AA-B276-52D1461B0A73}.Release|Any CPU.ActiveCfg = Release|iPhone
		{28EB379D-1A50-43AA-B276-52D1461B0A73}.Release|Any CPU.Build.0 = Release|iPhone
		{28EB379D-1A50-43AA-B276-52D1461B0A73}.Release|Any CPU.Deploy.0 = Release|iPhone
		{28EB379D-1A50-43AA-B276-52D1461B0A73}.Release|iPhone.ActiveCfg = Release|iPhone
		{28EB379D-1A50-43AA-B276-52D1461B0A73}.Release|iPhone.Build.0 = Release|iPhone
		{28EB379D-1A50-43AA-B276-52D1461B0A73}.Release|iPhone.Deploy.0 = Release|iPhone
		{28EB379D-1A50-43AA-B276-52D1461B0A73}.Release|iPhoneSimulator.ActiveCfg = Release|iPhoneSimulator
		{28EB379D-1A50-43AA-B276-52D1461B0A73}.Release|iPhoneSimulator.Build.0 = Release|iPhoneSimulator
		{28EB379D-1A50-43AA-B276-52D1461B0A73}.Release|iPhoneSimulator.Deploy.0 = Release|iPhoneSimulator
		{84B491D8-2BED-4F4D-85AE-F7064775A00A}.Debug|Any CPU.ActiveCfg = Debug|Any CPU
		{84B491D8-2BED-4F4D-85AE-F7064775A00A}.Debug|Any CPU.Build.0 = Debug|Any CPU
		{84B491D8-2BED-4F4D-85AE-F7064775A00A}.Debug|Any CPU.Deploy.0 = Debug|Any CPU
		{84B491D8-2BED-4F4D-85AE-F7064775A00A}.Debug|iPhone.ActiveCfg = Debug|Any CPU
		{84B491D8-2BED-4F4D-85AE-F7064775A00A}.Debug|iPhone.Build.0 = Debug|Any CPU
		{84B491D8-2BED-4F4D-85AE-F7064775A00A}.Debug|iPhone.Deploy.0 = Debug|Any CPU
		{84B491D8-2BED-4F4D-85AE-F7064775A00A}.Debug|iPhoneSimulator.ActiveCfg = Debug|Any CPU
		{84B491D8-2BED-4F4D-85AE-F7064775A00A}.Debug|iPhoneSimulator.Build.0 = Debug|Any CPU
		{84B491D8-2BED-4F4D-85AE-F7064775A00A}.Debug|iPhoneSimulator.Deploy.0 = Debug|Any CPU
		{84B491D8-2BED-4F4D-85AE-F7064775A00A}.Release|Any CPU.ActiveCfg = Release|Any CPU
		{84B491D8-2BED-4F4D-85AE-F7064775A00A}.Release|Any CPU.Build.0 = Release|Any CPU
		{84B491D8-2BED-4F4D-85AE-F7064775A00A}.Release|Any CPU.Deploy.0 = Release|Any CPU
		{84B491D8-2BED-4F4D-85AE-F7064775A00A}.Release|iPhone.ActiveCfg = Release|Any CPU
		{84B491D8-2BED-4F4D-85AE-F7064775A00A}.Release|iPhone.Build.0 = Release|Any CPU
		{84B491D8-2BED-4F4D-85AE-F7064775A00A}.Release|iPhone.Deploy.0 = Release|Any CPU
		{84B491D8-2BED-4F4D-85AE-F7064775A00A}.Release|iPhoneSimulator.ActiveCfg = Release|Any CPU
		{84B491D8-2BED-4F4D-85AE-F7064775A00A}.Release|iPhoneSimulator.Build.0 = Release|Any CPU
		{84B491D8-2BED-4F4D-85AE-F7064775A00A}.Release|iPhoneSimulator.Deploy.0 = Release|Any CPU
	EndGlobalSection
	GlobalSection(SolutionProperties) = preSolution
		HideSolutionNode = FALSE
	EndGlobalSection
	GlobalSection(ExtensibilityGlobals) = postSolution
		SolutionGuid = {421F0BED-22EF-4C83-AF8E-C7C80434CD15}
	EndGlobalSection
EndGlobal
